PODS:
  - Alamofire (5.4.4)
  - AlamofireImage (4.2.0):
    - Alamofire (~> 5.4)
  - lottie-ios (3.3.0)
  - SwiftyBeaver (1.9.6)

DEPENDENCIES:
  - Alamofire
  - AlamofireImage
  - lottie-ios
  - SwiftyBeaver

SPEC REPOS:
  trunk:
    - Alamofire
    - AlamofireImage
    - lottie-ios
    - SwiftyBeaver

SPEC CHECKSUMS:
  Alamofire: f3b09a368f1582ab751b3fff5460276e0d2cf5c9
  AlamofireImage: 34a2d90b0e5fe6a5605f85ae4b7b01e784c60192
  lottie-ios: 6ac74dcc09904798f59b18cb3075c089d76be9ae
  SwiftyBeaver: c8241b4745aa269a78ca5a022532c6915e948536

PODFILE CHECKSUM: 92379e989b92489615e189b971caf531bafe7dd9

COCOAPODS: 1.11.3
