// !$*UTF8*$!
{
	archiveVersion = 1;
	classes = {
	};
	objectVersion = 55;
	objects = {

/* Begin PBXBuildFile section */
		01368D2D76D2BFF0C2608AEB /* Pods_eatApp.framework in Frameworks */ = {isa = PBXBuildFile; fileRef = 9BCE9B61CF4530ADEADA7D16 /* Pods_eatApp.framework */; };
		121BA36B283F766600C62EEB /* AppDelegate.swift in Sources */ = {isa = PBXBuildFile; fileRef = 121BA36A283F766600C62EEB /* AppDelegate.swift */; };
		121BA36D283F766600C62EEB /* SceneDelegate.swift in Sources */ = {isa = PBXBuildFile; fileRef = 121BA36C283F766600C62EEB /* SceneDelegate.swift */; };
		121BA372283F766600C62EEB /* Main.storyboard in Resources */ = {isa = PBXBuildFile; fileRef = 121BA370283F766600C62EEB /* Main.storyboard */; };
		121BA374283F766700C62EEB /* Assets.xcassets in Resources */ = {isa = PBXBuildFile; fileRef = 121BA373283F766700C62EEB /* Assets.xcassets */; };
		121BA377283F766700C62EEB /* LaunchScreen.storyboard in Resources */ = {isa = PBXBuildFile; fileRef = 121BA375283F766700C62EEB /* LaunchScreen.storyboard */; };
		121BA37F283F877F00C62EEB /* NetworkManager.swift in Sources */ = {isa = PBXBuildFile; fileRef = 121BA37E283F877F00C62EEB /* NetworkManager.swift */; };
		121BA385283F87D500C62EEB /* URL's.swift in Sources */ = {isa = PBXBuildFile; fileRef = 121BA384283F87D500C62EEB /* URL's.swift */; };
		121BA389283F8A2400C62EEB /* RegionCodable.swift in Sources */ = {isa = PBXBuildFile; fileRef = 121BA388283F8A2400C62EEB /* RegionCodable.swift */; };
		121BA38C283F902D00C62EEB /* RegionSelectorViewController.swift in Sources */ = {isa = PBXBuildFile; fileRef = 121BA38B283F902D00C62EEB /* RegionSelectorViewController.swift */; };
		121BA38E283F90CA00C62EEB /* HomeViewController.swift in Sources */ = {isa = PBXBuildFile; fileRef = 121BA38D283F90CA00C62EEB /* HomeViewController.swift */; };
		121BA390283F91B800C62EEB /* RegionPresenter.swift in Sources */ = {isa = PBXBuildFile; fileRef = 121BA38F283F91B800C62EEB /* RegionPresenter.swift */; };
		121BA3932840931400C62EEB /* RegionCollectionViewCell.swift in Sources */ = {isa = PBXBuildFile; fileRef = 121BA3922840931400C62EEB /* RegionCollectionViewCell.swift */; };
		121BA3972840B46000C62EEB /* HomePresenter.swift in Sources */ = {isa = PBXBuildFile; fileRef = 121BA3962840B46000C62EEB /* HomePresenter.swift */; };
		12E65AF728413E1E00F2A1DA /* RestuarentTableViewCell.swift in Sources */ = {isa = PBXBuildFile; fileRef = 12E65AF628413E1E00F2A1DA /* RestuarentTableViewCell.swift */; };
		12E65AFB28422FBA00F2A1DA /* FilterViewController.swift in Sources */ = {isa = PBXBuildFile; fileRef = 12E65AFA28422FBA00F2A1DA /* FilterViewController.swift */; };
		12E65AFD28436CED00F2A1DA /* FilterTableViewCell.swift in Sources */ = {isa = PBXBuildFile; fileRef = 12E65AFC28436CED00F2A1DA /* FilterTableViewCell.swift */; };
		12E65AFF28437CFA00F2A1DA /* Color.xcassets in Resources */ = {isa = PBXBuildFile; fileRef = 12E65AFE28437CFA00F2A1DA /* Color.xcassets */; };
		12E65B0128438BB400F2A1DA /* CusinesCodable.swift in Sources */ = {isa = PBXBuildFile; fileRef = 12E65B0028438BB400F2A1DA /* CusinesCodable.swift */; };
		12E65B032843900900F2A1DA /* FilterDetailViewController.swift in Sources */ = {isa = PBXBuildFile; fileRef = 12E65B022843900900F2A1DA /* FilterDetailViewController.swift */; };
		12E65B05284393AD00F2A1DA /* FilterDetailTableViewCell.swift in Sources */ = {isa = PBXBuildFile; fileRef = 12E65B04284393AD00F2A1DA /* FilterDetailTableViewCell.swift */; };
		12F2474F2841234500B1A5BE /* ActivityIndicator.swift in Sources */ = {isa = PBXBuildFile; fileRef = 12F2474E2841234500B1A5BE /* ActivityIndicator.swift */; };
		12F24751284123FE00B1A5BE /* loader.json in Resources */ = {isa = PBXBuildFile; fileRef = 12F24750284123FE00B1A5BE /* loader.json */; };
		12F247542841241F00B1A5BE /* Utilities.swift in Sources */ = {isa = PBXBuildFile; fileRef = 12F247532841241F00B1A5BE /* Utilities.swift */; };
		12F247562841266F00B1A5BE /* Extensions.swift in Sources */ = {isa = PBXBuildFile; fileRef = 12F247552841266F00B1A5BE /* Extensions.swift */; };
		12F247582841361B00B1A5BE /* RestuarentCodables.swift in Sources */ = {isa = PBXBuildFile; fileRef = 12F247572841361B00B1A5BE /* RestuarentCodables.swift */; };
/* End PBXBuildFile section */

/* Begin PBXFileReference section */
		121BA367283F766600C62EEB /* eatApp.app */ = {isa = PBXFileReference; explicitFileType = wrapper.application; includeInIndex = 0; path = eatApp.app; sourceTree = BUILT_PRODUCTS_DIR; };
		121BA36A283F766600C62EEB /* AppDelegate.swift */ = {isa = PBXFileReference; lastKnownFileType = sourcecode.swift; path = AppDelegate.swift; sourceTree = "<group>"; };
		121BA36C283F766600C62EEB /* SceneDelegate.swift */ = {isa = PBXFileReference; lastKnownFileType = sourcecode.swift; path = SceneDelegate.swift; sourceTree = "<group>"; };
		121BA371283F766600C62EEB /* Base */ = {isa = PBXFileReference; lastKnownFileType = file.storyboard; name = Base; path = Base.lproj/Main.storyboard; sourceTree = "<group>"; };
		121BA373283F766700C62EEB /* Assets.xcassets */ = {isa = PBXFileReference; lastKnownFileType = folder.assetcatalog; path = Assets.xcassets; sourceTree = "<group>"; };
		121BA376283F766700C62EEB /* Base */ = {isa = PBXFileReference; lastKnownFileType = file.storyboard; name = Base; path = Base.lproj/LaunchScreen.storyboard; sourceTree = "<group>"; };
		121BA378283F766700C62EEB /* Info.plist */ = {isa = PBXFileReference; lastKnownFileType = text.plist.xml; path = Info.plist; sourceTree = "<group>"; };
		121BA37E283F877F00C62EEB /* NetworkManager.swift */ = {isa = PBXFileReference; lastKnownFileType = sourcecode.swift; path = NetworkManager.swift; sourceTree = "<group>"; };
		121BA384283F87D500C62EEB /* URL's.swift */ = {isa = PBXFileReference; lastKnownFileType = sourcecode.swift; path = "URL's.swift"; sourceTree = "<group>"; };
		121BA388283F8A2400C62EEB /* RegionCodable.swift */ = {isa = PBXFileReference; lastKnownFileType = sourcecode.swift; path = RegionCodable.swift; sourceTree = "<group>"; };
		121BA38B283F902D00C62EEB /* RegionSelectorViewController.swift */ = {isa = PBXFileReference; lastKnownFileType = sourcecode.swift; path = RegionSelectorViewController.swift; sourceTree = "<group>"; };
		121BA38D283F90CA00C62EEB /* HomeViewController.swift */ = {isa = PBXFileReference; lastKnownFileType = sourcecode.swift; path = HomeViewController.swift; sourceTree = "<group>"; };
		121BA38F283F91B800C62EEB /* RegionPresenter.swift */ = {isa = PBXFileReference; lastKnownFileType = sourcecode.swift; path = RegionPresenter.swift; sourceTree = "<group>"; };
		121BA3922840931400C62EEB /* RegionCollectionViewCell.swift */ = {isa = PBXFileReference; lastKnownFileType = sourcecode.swift; path = RegionCollectionViewCell.swift; sourceTree = "<group>"; };
		121BA3962840B46000C62EEB /* HomePresenter.swift */ = {isa = PBXFileReference; lastKnownFileType = sourcecode.swift; path = HomePresenter.swift; sourceTree = "<group>"; };
		12E65AF628413E1E00F2A1DA /* RestuarentTableViewCell.swift */ = {isa = PBXFileReference; lastKnownFileType = sourcecode.swift; path = RestuarentTableViewCell.swift; sourceTree = "<group>"; };
		12E65AFA28422FBA00F2A1DA /* FilterViewController.swift */ = {isa = PBXFileReference; lastKnownFileType = sourcecode.swift; path = FilterViewController.swift; sourceTree = "<group>"; };
		12E65AFC28436CED00F2A1DA /* FilterTableViewCell.swift */ = {isa = PBXFileReference; lastKnownFileType = sourcecode.swift; path = FilterTableViewCell.swift; sourceTree = "<group>"; };
		12E65AFE28437CFA00F2A1DA /* Color.xcassets */ = {isa = PBXFileReference; lastKnownFileType = folder.assetcatalog; path = Color.xcassets; sourceTree = "<group>"; };
		12E65B0028438BB400F2A1DA /* CusinesCodable.swift */ = {isa = PBXFileReference; lastKnownFileType = sourcecode.swift; path = CusinesCodable.swift; sourceTree = "<group>"; };
		12E65B022843900900F2A1DA /* FilterDetailViewController.swift */ = {isa = PBXFileReference; lastKnownFileType = sourcecode.swift; path = FilterDetailViewController.swift; sourceTree = "<group>"; };
		12E65B04284393AD00F2A1DA /* FilterDetailTableViewCell.swift */ = {isa = PBXFileReference; lastKnownFileType = sourcecode.swift; path = FilterDetailTableViewCell.swift; sourceTree = "<group>"; };
		12F2474E2841234500B1A5BE /* ActivityIndicator.swift */ = {isa = PBXFileReference; lastKnownFileType = sourcecode.swift; path = ActivityIndicator.swift; sourceTree = "<group>"; };
		12F24750284123FE00B1A5BE /* loader.json */ = {isa = PBXFileReference; fileEncoding = 4; lastKnownFileType = text.json; path = loader.json; sourceTree = "<group>"; };
		12F247532841241F00B1A5BE /* Utilities.swift */ = {isa = PBXFileReference; lastKnownFileType = sourcecode.swift; path = Utilities.swift; sourceTree = "<group>"; };
		12F247552841266F00B1A5BE /* Extensions.swift */ = {isa = PBXFileReference; lastKnownFileType = sourcecode.swift; path = Extensions.swift; sourceTree = "<group>"; };
		12F247572841361B00B1A5BE /* RestuarentCodables.swift */ = {isa = PBXFileReference; lastKnownFileType = sourcecode.swift; path = RestuarentCodables.swift; sourceTree = "<group>"; };
		2C1BEBC0304E1DEE62DFAA2B /* Pods-eatApp.debug.xcconfig */ = {isa = PBXFileReference; includeInIndex = 1; lastKnownFileType = text.xcconfig; name = "Pods-eatApp.debug.xcconfig"; path = "Target Support Files/Pods-eatApp/Pods-eatApp.debug.xcconfig"; sourceTree = "<group>"; };
		6523170051DD6479BD1671B4 /* Pods-eatApp.release.xcconfig */ = {isa = PBXFileReference; includeInIndex = 1; lastKnownFileType = text.xcconfig; name = "Pods-eatApp.release.xcconfig"; path = "Target Support Files/Pods-eatApp/Pods-eatApp.release.xcconfig"; sourceTree = "<group>"; };
		9BCE9B61CF4530ADEADA7D16 /* Pods_eatApp.framework */ = {isa = PBXFileReference; explicitFileType = wrapper.framework; includeInIndex = 0; path = Pods_eatApp.framework; sourceTree = BUILT_PRODUCTS_DIR; };
/* End PBXFileReference section */

/* Begin PBXFrameworksBuildPhase section */
		121BA364283F766600C62EEB /* Frameworks */ = {
			isa = PBXFrameworksBuildPhase;
			buildActionMask = 2147483647;
			files = (
				01368D2D76D2BFF0C2608AEB /* Pods_eatApp.framework in Frameworks */,
			);
			runOnlyForDeploymentPostprocessing = 0;
		};
/* End PBXFrameworksBuildPhase section */

/* Begin PBXGroup section */
		121BA35E283F766600C62EEB = {
			isa = PBXGroup;
			children = (
				121BA369283F766600C62EEB /* eatApp */,
				121BA368283F766600C62EEB /* Products */,
				38F463AF31E9EB582B3D7E44 /* Pods */,
				B5D02B8B18C3343242FF1FFC /* Frameworks */,
			);
			sourceTree = "<group>";
		};
		121BA368283F766600C62EEB /* Products */ = {
			isa = PBXGroup;
			children = (
				121BA367283F766600C62EEB /* eatApp.app */,
			);
			name = Products;
			sourceTree = "<group>";
		};
		121BA369283F766600C62EEB /* eatApp */ = {
			isa = PBXGroup;
			children = (
				121BA380283F878600C62EEB /* Appdelegates */,
				121BA383283F87A800C62EEB /* ViewControllers */,
				121BA382283F879C00C62EEB /* ManagerClasses */,
				121BA381283F879200C62EEB /* StoryBoards */,
				121BA386283F87DB00C62EEB /* Utilities */,
				121BA395284099E600C62EEB /* Presenters */,
				121BA373283F766700C62EEB /* Assets.xcassets */,
				12E65AFE28437CFA00F2A1DA /* Color.xcassets */,
				121BA375283F766700C62EEB /* LaunchScreen.storyboard */,
				121BA378283F766700C62EEB /* Info.plist */,
			);
			path = eatApp;
			sourceTree = "<group>";
		};
		121BA380283F878600C62EEB /* Appdelegates */ = {
			isa = PBXGroup;
			children = (
				121BA36A283F766600C62EEB /* AppDelegate.swift */,
				121BA36C283F766600C62EEB /* SceneDelegate.swift */,
			);
			path = Appdelegates;
			sourceTree = "<group>";
		};
		121BA381283F879200C62EEB /* StoryBoards */ = {
			isa = PBXGroup;
			children = (
				121BA370283F766600C62EEB /* Main.storyboard */,
			);
			path = StoryBoards;
			sourceTree = "<group>";
		};
		121BA382283F879C00C62EEB /* ManagerClasses */ = {
			isa = PBXGroup;
			children = (
				121BA37E283F877F00C62EEB /* NetworkManager.swift */,
				121BA38A283F8F9200C62EEB /* Codable Classes */,
			);
			path = ManagerClasses;
			sourceTree = "<group>";
		};
		121BA383283F87A800C62EEB /* ViewControllers */ = {
			isa = PBXGroup;
			children = (
				121BA3942840931900C62EEB /* Cells */,
				121BA38B283F902D00C62EEB /* RegionSelectorViewController.swift */,
				121BA38D283F90CA00C62EEB /* HomeViewController.swift */,
				12E65AFA28422FBA00F2A1DA /* FilterViewController.swift */,
				12E65B022843900900F2A1DA /* FilterDetailViewController.swift */,
			);
			path = ViewControllers;
			sourceTree = "<group>";
		};
		121BA386283F87DB00C62EEB /* Utilities */ = {
			isa = PBXGroup;
			children = (
				121BA384283F87D500C62EEB /* URL's.swift */,
				12F247532841241F00B1A5BE /* Utilities.swift */,
				12F247522841240A00B1A5BE /* ActivityIndicator */,
				12F247552841266F00B1A5BE /* Extensions.swift */,
			);
			path = Utilities;
			sourceTree = "<group>";
		};
		121BA38A283F8F9200C62EEB /* Codable Classes */ = {
			isa = PBXGroup;
			children = (
				121BA388283F8A2400C62EEB /* RegionCodable.swift */,
				12F247572841361B00B1A5BE /* RestuarentCodables.swift */,
				12E65B0028438BB400F2A1DA /* CusinesCodable.swift */,
			);
			path = "Codable Classes";
			sourceTree = "<group>";
		};
		121BA3942840931900C62EEB /* Cells */ = {
			isa = PBXGroup;
			children = (
				121BA3922840931400C62EEB /* RegionCollectionViewCell.swift */,
				12E65AF628413E1E00F2A1DA /* RestuarentTableViewCell.swift */,
				12E65AFC28436CED00F2A1DA /* FilterTableViewCell.swift */,
				12E65B04284393AD00F2A1DA /* FilterDetailTableViewCell.swift */,
			);
			path = Cells;
			sourceTree = "<group>";
		};
		121BA395284099E600C62EEB /* Presenters */ = {
			isa = PBXGroup;
			children = (
				121BA38F283F91B800C62EEB /* RegionPresenter.swift */,
				121BA3962840B46000C62EEB /* HomePresenter.swift */,
			);
			path = Presenters;
			sourceTree = "<group>";
		};
		12F247522841240A00B1A5BE /* ActivityIndicator */ = {
			isa = PBXGroup;
			children = (
				12F2474E2841234500B1A5BE /* ActivityIndicator.swift */,
				12F24750284123FE00B1A5BE /* loader.json */,
			);
			path = ActivityIndicator;
			sourceTree = "<group>";
		};
		38F463AF31E9EB582B3D7E44 /* Pods */ = {
			isa = PBXGroup;
			children = (
				2C1BEBC0304E1DEE62DFAA2B /* Pods-eatApp.debug.xcconfig */,
				6523170051DD6479BD1671B4 /* Pods-eatApp.release.xcconfig */,
			);
			path = Pods;
			sourceTree = "<group>";
		};
		B5D02B8B18C3343242FF1FFC /* Frameworks */ = {
			isa = PBXGroup;
			children = (
				9BCE9B61CF4530ADEADA7D16 /* Pods_eatApp.framework */,
			);
			name = Frameworks;
			sourceTree = "<group>";
		};
/* End PBXGroup section */

/* Begin PBXNativeTarget section */
		121BA366283F766600C62EEB /* eatApp */ = {
			isa = PBXNativeTarget;
			buildConfigurationList = 121BA37B283F766700C62EEB /* Build configuration list for PBXNativeTarget "eatApp" */;
			buildPhases = (
				0D7A86D4BDA44F3EFB725B68 /* [CP] Check Pods Manifest.lock */,
				121BA363283F766600C62EEB /* Sources */,
				121BA364283F766600C62EEB /* Frameworks */,
				121BA365283F766600C62EEB /* Resources */,
				D52F15D54A94A907CC1E9E76 /* [CP] Embed Pods Frameworks */,
			);
			buildRules = (
			);
			dependencies = (
			);
			name = eatApp;
			productName = eatApp;
			productReference = 121BA367283F766600C62EEB /* eatApp.app */;
			productType = "com.apple.product-type.application";
		};
/* End PBXNativeTarget section */

/* Begin PBXProject section */
		121BA35F283F766600C62EEB /* Project object */ = {
			isa = PBXProject;
			attributes = {
				BuildIndependentTargetsInParallel = 1;
				LastSwiftUpdateCheck = 1330;
				LastUpgradeCheck = 1330;
				TargetAttributes = {
					121BA366283F766600C62EEB = {
						CreatedOnToolsVersion = 13.3.1;
					};
				};
			};
			buildConfigurationList = 121BA362283F766600C62EEB /* Build configuration list for PBXProject "eatApp" */;
			compatibilityVersion = "Xcode 13.0";
			developmentRegion = en;
			hasScannedForEncodings = 0;
			knownRegions = (
				en,
				Base,
			);
			mainGroup = 121BA35E283F766600C62EEB;
			productRefGroup = 121BA368283F766600C62EEB /* Products */;
			projectDirPath = "";
			projectRoot = "";
			targets = (
				121BA366283F766600C62EEB /* eatApp */,
			);
		};
/* End PBXProject section */

/* Begin PBXResourcesBuildPhase section */
		121BA365283F766600C62EEB /* Resources */ = {
			isa = PBXResourcesBuildPhase;
			buildActionMask = 2147483647;
			files = (
				121BA377283F766700C62EEB /* LaunchScreen.storyboard in Resources */,
				121BA374283F766700C62EEB /* Assets.xcassets in Resources */,
				12E65AFF28437CFA00F2A1DA /* Color.xcassets in Resources */,
				12F24751284123FE00B1A5BE /* loader.json in Resources */,
				121BA372283F766600C62EEB /* Main.storyboard in Resources */,
			);
			runOnlyForDeploymentPostprocessing = 0;
		};
/* End PBXResourcesBuildPhase section */

/* Begin PBXShellScriptBuildPhase section */
		0D7A86D4BDA44F3EFB725B68 /* [CP] Check Pods Manifest.lock */ = {
			isa = PBXShellScriptBuildPhase;
			buildActionMask = 2147483647;
			files = (
			);
			inputFileListPaths = (
			);
			inputPaths = (
				"${PODS_PODFILE_DIR_PATH}/Podfile.lock",
				"${PODS_ROOT}/Manifest.lock",
			);
			name = "[CP] Check Pods Manifest.lock";
			outputFileListPaths = (
			);
			outputPaths = (
				"$(DERIVED_FILE_DIR)/Pods-eatApp-checkManifestLockResult.txt",
			);
			runOnlyForDeploymentPostprocessing = 0;
			shellPath = /bin/sh;
			shellScript = "diff \"${PODS_PODFILE_DIR_PATH}/Podfile.lock\" \"${PODS_ROOT}/Manifest.lock\" > /dev/null\nif [ $? != 0 ] ; then\n    # print error to STDERR\n    echo \"error: The sandbox is not in sync with the Podfile.lock. Run 'pod install' or update your CocoaPods installation.\" >&2\n    exit 1\nfi\n# This output is used by Xcode 'outputs' to avoid re-running this script phase.\necho \"SUCCESS\" > \"${SCRIPT_OUTPUT_FILE_0}\"\n";
			showEnvVarsInLog = 0;
		};
		D52F15D54A94A907CC1E9E76 /* [CP] Embed Pods Frameworks */ = {
			isa = PBXShellScriptBuildPhase;
			buildActionMask = 2147483647;
			files = (
			);
			inputFileListPaths = (
				"${PODS_ROOT}/Target Support Files/Pods-eatApp/Pods-eatApp-frameworks-${CONFIGURATION}-input-files.xcfilelist",
			);
			name = "[CP] Embed Pods Frameworks";
			outputFileListPaths = (
				"${PODS_ROOT}/Target Support Files/Pods-eatApp/Pods-eatApp-frameworks-${CONFIGURATION}-output-files.xcfilelist",
			);
			runOnlyForDeploymentPostprocessing = 0;
			shellPath = /bin/sh;
			shellScript = "\"${PODS_ROOT}/Target Support Files/Pods-eatApp/Pods-eatApp-frameworks.sh\"\n";
			showEnvVarsInLog = 0;
		};
/* End PBXShellScriptBuildPhase section */

/* Begin PBXSourcesBuildPhase section */
		121BA363283F766600C62EEB /* Sources */ = {
			isa = PBXSourcesBuildPhase;
			buildActionMask = 2147483647;
			files = (
				121BA385283F87D500C62EEB /* URL's.swift in Sources */,
				121BA37F283F877F00C62EEB /* NetworkManager.swift in Sources */,
				121BA389283F8A2400C62EEB /* RegionCodable.swift in Sources */,
				121BA3972840B46000C62EEB /* HomePresenter.swift in Sources */,
				121BA38C283F902D00C62EEB /* RegionSelectorViewController.swift in Sources */,
				12E65B0128438BB400F2A1DA /* CusinesCodable.swift in Sources */,
				12E65B05284393AD00F2A1DA /* FilterDetailTableViewCell.swift in Sources */,
				12E65B032843900900F2A1DA /* FilterDetailViewController.swift in Sources */,
				12F247582841361B00B1A5BE /* RestuarentCodables.swift in Sources */,
				12F2474F2841234500B1A5BE /* ActivityIndicator.swift in Sources */,
				12E65AF728413E1E00F2A1DA /* RestuarentTableViewCell.swift in Sources */,
				12F247542841241F00B1A5BE /* Utilities.swift in Sources */,
				121BA390283F91B800C62EEB /* RegionPresenter.swift in Sources */,
				12E65AFB28422FBA00F2A1DA /* FilterViewController.swift in Sources */,
				12F247562841266F00B1A5BE /* Extensions.swift in Sources */,
				121BA36B283F766600C62EEB /* AppDelegate.swift in Sources */,
				121BA3932840931400C62EEB /* RegionCollectionViewCell.swift in Sources */,
				12E65AFD28436CED00F2A1DA /* FilterTableViewCell.swift in Sources */,
				121BA38E283F90CA00C62EEB /* HomeViewController.swift in Sources */,
				121BA36D283F766600C62EEB /* SceneDelegate.swift in Sources */,
			);
			runOnlyForDeploymentPostprocessing = 0;
		};
/* End PBXSourcesBuildPhase section */

/* Begin PBXVariantGroup section */
		121BA370283F766600C62EEB /* Main.storyboard */ = {
			isa = PBXVariantGroup;
			children = (
				121BA371283F766600C62EEB /* Base */,
			);
			name = Main.storyboard;
			sourceTree = "<group>";
		};
		121BA375283F766700C62EEB /* LaunchScreen.storyboard */ = {
			isa = PBXVariantGroup;
			children = (
				121BA376283F766700C62EEB /* Base */,
			);
			name = LaunchScreen.storyboard;
			sourceTree = "<group>";
		};
/* End PBXVariantGroup section */

/* Begin XCBuildConfiguration section */
		121BA379283F766700C62EEB /* Debug */ = {
			isa = XCBuildConfiguration;
			buildSettings = {
				ALWAYS_SEARCH_USER_PATHS = NO;
				CLANG_ANALYZER_NONNULL = YES;
				CLANG_ANALYZER_NUMBER_OBJECT_CONVERSION = YES_AGGRESSIVE;
				CLANG_CXX_LANGUAGE_STANDARD = "gnu++17";
				CLANG_ENABLE_MODULES = YES;
				CLANG_ENABLE_OBJC_ARC = YES;
				CLANG_ENABLE_OBJC_WEAK = YES;
				CLANG_WARN_BLOCK_CAPTURE_AUTORELEASING = YES;
				CLANG_WARN_BOOL_CONVERSION = YES;
				CLANG_WARN_COMMA = YES;
				CLANG_WARN_CONSTANT_CONVERSION = YES;
				CLANG_WARN_DEPRECATED_OBJC_IMPLEMENTATIONS = YES;
				CLANG_WARN_DIRECT_OBJC_ISA_USAGE = YES_ERROR;
				CLANG_WARN_DOCUMENTATION_COMMENTS = YES;
				CLANG_WARN_EMPTY_BODY = YES;
				CLANG_WARN_ENUM_CONVERSION = YES;
				CLANG_WARN_INFINITE_RECURSION = YES;
				CLANG_WARN_INT_CONVERSION = YES;
				CLANG_WARN_NON_LITERAL_NULL_CONVERSION = YES;
				CLANG_WARN_OBJC_IMPLICIT_RETAIN_SELF = YES;
				CLANG_WARN_OBJC_LITERAL_CONVERSION = YES;
				CLANG_WARN_OBJC_ROOT_CLASS = YES_ERROR;
				CLANG_WARN_QUOTED_INCLUDE_IN_FRAMEWORK_HEADER = YES;
				CLANG_WARN_RANGE_LOOP_ANALYSIS = YES;
				CLANG_WARN_STRICT_PROTOTYPES = YES;
				CLANG_WARN_SUSPICIOUS_MOVE = YES;
				CLANG_WARN_UNGUARDED_AVAILABILITY = YES_AGGRESSIVE;
				CLANG_WARN_UNREACHABLE_CODE = YES;
				CLANG_WARN__DUPLICATE_METHOD_MATCH = YES;
				COPY_PHASE_STRIP = NO;
				DEBUG_INFORMATION_FORMAT = dwarf;
				ENABLE_STRICT_OBJC_MSGSEND = YES;
				ENABLE_TESTABILITY = YES;
				GCC_C_LANGUAGE_STANDARD = gnu11;
				GCC_DYNAMIC_NO_PIC = NO;
				GCC_NO_COMMON_BLOCKS = YES;
				GCC_OPTIMIZATION_LEVEL = 0;
				GCC_PREPROCESSOR_DEFINITIONS = (
					"DEBUG=1",
					"$(inherited)",
				);
				GCC_WARN_64_TO_32_BIT_CONVERSION = YES;
				GCC_WARN_ABOUT_RETURN_TYPE = YES_ERROR;
				GCC_WARN_UNDECLARED_SELECTOR = YES;
				GCC_WARN_UNINITIALIZED_AUTOS = YES_AGGRESSIVE;
				GCC_WARN_UNUSED_FUNCTION = YES;
				GCC_WARN_UNUSED_VARIABLE = YES;
				IPHONEOS_DEPLOYMENT_TARGET = 15.4;
				MTL_ENABLE_DEBUG_INFO = INCLUDE_SOURCE;
				MTL_FAST_MATH = YES;
				ONLY_ACTIVE_ARCH = YES;
				SDKROOT = iphoneos;
				SWIFT_ACTIVE_COMPILATION_CONDITIONS = DEBUG;
				SWIFT_OPTIMIZATION_LEVEL = "-Onone";
			};
			name = Debug;
		};
		121BA37A283F766700C62EEB /* Release */ = {
			isa = XCBuildConfiguration;
			buildSettings = {
				ALWAYS_SEARCH_USER_PATHS = NO;
				CLANG_ANALYZER_NONNULL = YES;
				CLANG_ANALYZER_NUMBER_OBJECT_CONVERSION = YES_AGGRESSIVE;
				CLANG_CXX_LANGUAGE_STANDARD = "gnu++17";
				CLANG_ENABLE_MODULES = YES;
				CLANG_ENABLE_OBJC_ARC = YES;
				CLANG_ENABLE_OBJC_WEAK = YES;
				CLANG_WARN_BLOCK_CAPTURE_AUTORELEASING = YES;
				CLANG_WARN_BOOL_CONVERSION = YES;
				CLANG_WARN_COMMA = YES;
				CLANG_WARN_CONSTANT_CONVERSION = YES;
				CLANG_WARN_DEPRECATED_OBJC_IMPLEMENTATIONS = YES;
				CLANG_WARN_DIRECT_OBJC_ISA_USAGE = YES_ERROR;
				CLANG_WARN_DOCUMENTATION_COMMENTS = YES;
				CLANG_WARN_EMPTY_BODY = YES;
				CLANG_WARN_ENUM_CONVERSION = YES;
				CLANG_WARN_INFINITE_RECURSION = YES;
				CLANG_WARN_INT_CONVERSION = YES;
				CLANG_WARN_NON_LITERAL_NULL_CONVERSION = YES;
				CLANG_WARN_OBJC_IMPLICIT_RETAIN_SELF = YES;
				CLANG_WARN_OBJC_LITERAL_CONVERSION = YES;
				CLANG_WARN_OBJC_ROOT_CLASS = YES_ERROR;
				CLANG_WARN_QUOTED_INCLUDE_IN_FRAMEWORK_HEADER = YES;
				CLANG_WARN_RANGE_LOOP_ANALYSIS = YES;
				CLANG_WARN_STRICT_PROTOTYPES = YES;
				CLANG_WARN_SUSPICIOUS_MOVE = YES;
				CLANG_WARN_UNGUARDED_AVAILABILITY = YES_AGGRESSIVE;
				CLANG_WARN_UNREACHABLE_CODE = YES;
				CLANG_WARN__DUPLICATE_METHOD_MATCH = YES;
				COPY_PHASE_STRIP = NO;
				DEBUG_INFORMATION_FORMAT = "dwarf-with-dsym";
				ENABLE_NS_ASSERTIONS = NO;
				ENABLE_STRICT_OBJC_MSGSEND = YES;
				GCC_C_LANGUAGE_STANDARD = gnu11;
				GCC_NO_COMMON_BLOCKS = YES;
				GCC_WARN_64_TO_32_BIT_CONVERSION = YES;
				GCC_WARN_ABOUT_RETURN_TYPE = YES_ERROR;
				GCC_WARN_UNDECLARED_SELECTOR = YES;
				GCC_WARN_UNINITIALIZED_AUTOS = YES_AGGRESSIVE;
				GCC_WARN_UNUSED_FUNCTION = YES;
				GCC_WARN_UNUSED_VARIABLE = YES;
				IPHONEOS_DEPLOYMENT_TARGET = 15.4;
				MTL_ENABLE_DEBUG_INFO = NO;
				MTL_FAST_MATH = YES;
				SDKROOT = iphoneos;
				SWIFT_COMPILATION_MODE = wholemodule;
				SWIFT_OPTIMIZATION_LEVEL = "-O";
				VALIDATE_PRODUCT = YES;
			};
			name = Release;
		};
		121BA37C283F766700C62EEB /* Debug */ = {
			isa = XCBuildConfiguration;
			baseConfigurationReference = 2C1BEBC0304E1DEE62DFAA2B /* Pods-eatApp.debug.xcconfig */;
			buildSettings = {
				ASSETCATALOG_COMPILER_APPICON_NAME = AppIcon;
				ASSETCATALOG_COMPILER_GLOBAL_ACCENT_COLOR_NAME = AccentColor;
				CODE_SIGN_STYLE = Automatic;
				CURRENT_PROJECT_VERSION = 1;
				GENERATE_INFOPLIST_FILE = YES;
				INFOPLIST_FILE = eatApp/Info.plist;
				INFOPLIST_KEY_UIApplicationSupportsIndirectInputEvents = YES;
				INFOPLIST_KEY_UILaunchStoryboardName = LaunchScreen;
				INFOPLIST_KEY_UIMainStoryboardFile = Main;
				INFOPLIST_KEY_UISupportedInterfaceOrientations_iPad = "UIInterfaceOrientationPortrait UIInterfaceOrientationPortraitUpsideDown UIInterfaceOrientationLandscapeLeft UIInterfaceOrientationLandscapeRight";
				INFOPLIST_KEY_UISupportedInterfaceOrientations_iPhone = "UIInterfaceOrientationPortrait UIInterfaceOrientationLandscapeLeft UIInterfaceOrientationLandscapeRight";
				IPHONEOS_DEPLOYMENT_TARGET = 15.2;
				LD_RUNPATH_SEARCH_PATHS = (
					"$(inherited)",
					"@executable_path/Frameworks",
				);
				MARKETING_VERSION = 1.0;
				PRODUCT_BUNDLE_IDENTIFIER = com.samad.eatApp;
				PRODUCT_NAME = "$(TARGET_NAME)";
				SWIFT_EMIT_LOC_STRINGS = YES;
				SWIFT_VERSION = 5.0;
				TARGETED_DEVICE_FAMILY = 1;
			};
			name = Debug;
		};
		121BA37D283F766700C62EEB /* Release */ = {
			isa = XCBuildConfiguration;
			baseConfigurationReference = 6523170051DD6479BD1671B4 /* Pods-eatApp.release.xcconfig */;
			buildSettings = {
				ASSETCATALOG_COMPILER_APPICON_NAME = AppIcon;
				ASSETCATALOG_COMPILER_GLOBAL_ACCENT_COLOR_NAME = AccentColor;
				CODE_SIGN_STYLE = Automatic;
				CURRENT_PROJECT_VERSION = 1;
				GENERATE_INFOPLIST_FILE = YES;
				INFOPLIST_FILE = eatApp/Info.plist;
				INFOPLIST_KEY_UIApplicationSupportsIndirectInputEvents = YES;
				INFOPLIST_KEY_UILaunchStoryboardName = LaunchScreen;
				INFOPLIST_KEY_UIMainStoryboardFile = Main;
				INFOPLIST_KEY_UISupportedInterfaceOrientations_iPad = "UIInterfaceOrientationPortrait UIInterfaceOrientationPortraitUpsideDown UIInterfaceOrientationLandscapeLeft UIInterfaceOrientationLandscapeRight";
				INFOPLIST_KEY_UISupportedInterfaceOrientations_iPhone = "UIInterfaceOrientationPortrait UIInterfaceOrientationLandscapeLeft UIInterfaceOrientationLandscapeRight";
				IPHONEOS_DEPLOYMENT_TARGET = 15.2;
				LD_RUNPATH_SEARCH_PATHS = (
					"$(inherited)",
					"@executable_path/Frameworks",
				);
				MARKETING_VERSION = 1.0;
				PRODUCT_BUNDLE_IDENTIFIER = com.samad.eatApp;
				PRODUCT_NAME = "$(TARGET_NAME)";
				SWIFT_EMIT_LOC_STRINGS = YES;
				SWIFT_VERSION = 5.0;
				TARGETED_DEVICE_FAMILY = 1;
			};
			name = Release;
		};
/* End XCBuildConfiguration section */

/* Begin XCConfigurationList section */
		121BA362283F766600C62EEB /* Build configuration list for PBXProject "eatApp" */ = {
			isa = XCConfigurationList;
			buildConfigurations = (
				121BA379283F766700C62EEB /* Debug */,
				121BA37A283F766700C62EEB /* Release */,
			);
			defaultConfigurationIsVisible = 0;
			defaultConfigurationName = Release;
		};
		121BA37B283F766700C62EEB /* Build configuration list for PBXNativeTarget "eatApp" */ = {
			isa = XCConfigurationList;
			buildConfigurations = (
				121BA37C283F766700C62EEB /* Debug */,
				121BA37D283F766700C62EEB /* Release */,
			);
			defaultConfigurationIsVisible = 0;
			defaultConfigurationName = Release;
		};
/* End XCConfigurationList section */
	};
	rootObject = 121BA35F283F766600C62EEB /* Project object */;
}
